
Microsoft Visual Studio Solution File, Format Version 12.00
# Visual Studio Version 16
VisualStudioVersion = 16.0.30907.101
MinimumVisualStudioVersion = 10.0.40219.1
Project("{FAE04EC0-301F-11D3-BF4B-00C04F79EFBC}") = "Theatre", "Theatre\Theatre.csproj", "{C899FBC3-7448-4539-96C2-05B8F76B7442}"
EndProject
Project("{54435603-DBB4-11D2-8724-00A0C9A8B90C}") = "Base_of_theatre", "Base_of_theatre\Base_of_theatre.vdproj", "{0485484A-CE57-4B8E-8E15-C0BFE6F25CA7}"
EndProject
Global
	GlobalSection(SolutionConfigurationPlatforms) = preSolution
		Debug|Any CPU = Debug|Any CPU
		Release|Any CPU = Release|Any CPU
	EndGlobalSection
	GlobalSection(ProjectConfigurationPlatforms) = postSolution
		{C899FBC3-7448-4539-96C2-05B8F76B7442}.Debug|Any CPU.ActiveCfg = Debug|Any CPU
		{C899FBC3-7448-4539-96C2-05B8F76B7442}.Debug|Any CPU.Build.0 = Debug|Any CPU
		{C899FBC3-7448-4539-96C2-05B8F76B7442}.Release|Any CPU.ActiveCfg = Release|Any CPU
		{C899FBC3-7448-4539-96C2-05B8F76B7442}.Release|Any CPU.Build.0 = Release|Any CPU
		{0485484A-CE57-4B8E-8E15-C0BFE6F25CA7}.Debug|Any CPU.ActiveCfg = Debug
		{0485484A-CE57-4B8E-8E15-C0BFE6F25CA7}.Release|Any CPU.ActiveCfg = Release
	EndGlobalSection
	GlobalSection(SolutionProperties) = preSolution
		HideSolutionNode = FALSE
	EndGlobalSection
	GlobalSection(ExtensibilityGlobals) = postSolution
		SolutionGuid = {BC8207E4-D203-4C01-B786-8F5373937635}
	EndGlobalSection
EndGlobal
